// !$*UTF8*$!
{
	archiveVersion = 1;
	classes = {
	};
	objectVersion = 56;
	objects = {

/* Begin PBXBuildFile section */
		8B2F51D32BC7297C0068E01C /* StartView.swift in Sources */ = {isa = PBXBuildFile; fileRef = 8B2F51D22BC7297C0068E01C /* StartView.swift */; };
		8B2F51D52BC7EFF50068E01C /* ScoresView.swift in Sources */ = {isa = PBXBuildFile; fileRef = 8B2F51D42BC7EFF50068E01C /* ScoresView.swift */; };
		8B2F51DA2BC803F30068E01C /* Inter-Bold.ttf in Resources */ = {isa = PBXBuildFile; fileRef = 8B2F51D62BC803F20068E01C /* Inter-Bold.ttf */; };
		8B2F51DB2BC803F30068E01C /* Inter-Medium.ttf in Resources */ = {isa = PBXBuildFile; fileRef = 8B2F51D72BC803F30068E01C /* Inter-Medium.ttf */; };
		8B2F51DC2BC803F30068E01C /* Inter-ExtraBold.ttf in Resources */ = {isa = PBXBuildFile; fileRef = 8B2F51D82BC803F30068E01C /* Inter-ExtraBold.ttf */; };
		8B2F51DD2BC803F30068E01C /* Inter-Regular.ttf in Resources */ = {isa = PBXBuildFile; fileRef = 8B2F51D92BC803F30068E01C /* Inter-Regular.ttf */; };
		8B7681CA2BC6A167003B9541 /* _CatchApp.swift in Sources */ = {isa = PBXBuildFile; fileRef = 8B7681C92BC6A167003B9541 /* _CatchApp.swift */; };
		8B7681CC2BC6A167003B9541 /* ContentView.swift in Sources */ = {isa = PBXBuildFile; fileRef = 8B7681CB2BC6A167003B9541 /* ContentView.swift */; };
		8B7681CE2BC6A16A003B9541 /* Assets.xcassets in Resources */ = {isa = PBXBuildFile; fileRef = 8B7681CD2BC6A16A003B9541 /* Assets.xcassets */; };
		8B7681D12BC6A16A003B9541 /* Preview Assets.xcassets in Resources */ = {isa = PBXBuildFile; fileRef = 8B7681D02BC6A16A003B9541 /* Preview Assets.xcassets */; };
		8B7681D82BC6A430003B9541 /* GameView.swift in Sources */ = {isa = PBXBuildFile; fileRef = 8B7681D72BC6A430003B9541 /* GameView.swift */; };
		8B7681DA2BC6A44C003B9541 /* GameScene.swift in Sources */ = {isa = PBXBuildFile; fileRef = 8B7681D92BC6A44C003B9541 /* GameScene.swift */; };
		8B7681DC2BC6A456003B9541 /* GameManager.swift in Sources */ = {isa = PBXBuildFile; fileRef = 8B7681DB2BC6A456003B9541 /* GameManager.swift */; };
		8B7681DE2BC6ADA9003B9541 /* FunctionForResize.swift in Sources */ = {isa = PBXBuildFile; fileRef = 8B7681DD2BC6ADA9003B9541 /* FunctionForResize.swift */; };
		8B7681E02BC6BC98003B9541 /* BackgroundView.swift in Sources */ = {isa = PBXBuildFile; fileRef = 8B7681DF2BC6BC98003B9541 /* BackgroundView.swift */; };
/* End PBXBuildFile section */

/* Begin PBXFileReference section */
		8B2F51D22BC7297C0068E01C /* StartView.swift */ = {isa = PBXFileReference; lastKnownFileType = sourcecode.swift; path = StartView.swift; sourceTree = "<group>"; };
		8B2F51D42BC7EFF50068E01C /* ScoresView.swift */ = {isa = PBXFileReference; lastKnownFileType = sourcecode.swift; path = ScoresView.swift; sourceTree = "<group>"; };
		8B2F51D62BC803F20068E01C /* Inter-Bold.ttf */ = {isa = PBXFileReference; lastKnownFileType = file; path = "Inter-Bold.ttf"; sourceTree = "<group>"; };
		8B2F51D72BC803F30068E01C /* Inter-Medium.ttf */ = {isa = PBXFileReference; lastKnownFileType = file; path = "Inter-Medium.ttf"; sourceTree = "<group>"; };
		8B2F51D82BC803F30068E01C /* Inter-ExtraBold.ttf */ = {isa = PBXFileReference; lastKnownFileType = file; path = "Inter-ExtraBold.ttf"; sourceTree = "<group>"; };
		8B2F51D92BC803F30068E01C /* Inter-Regular.ttf */ = {isa = PBXFileReference; lastKnownFileType = file; path = "Inter-Regular.ttf"; sourceTree = "<group>"; };
		8B2F51DE2BC804230068E01C /* -Catch-Info.plist */ = {isa = PBXFileReference; lastKnownFileType = text.plist; path = "-Catch-Info.plist"; sourceTree = SOURCE_ROOT; };
		8B7681C62BC6A167003B9541 /* 1Catch.app */ = {isa = PBXFileReference; explicitFileType = wrapper.application; includeInIndex = 0; path = 1Catch.app; sourceTree = BUILT_PRODUCTS_DIR; };
		8B7681C92BC6A167003B9541 /* _CatchApp.swift */ = {isa = PBXFileReference; lastKnownFileType = sourcecode.swift; path = _CatchApp.swift; sourceTree = "<group>"; };
		8B7681CB2BC6A167003B9541 /* ContentView.swift */ = {isa = PBXFileReference; lastKnownFileType = sourcecode.swift; path = ContentView.swift; sourceTree = "<group>"; };
		8B7681CD2BC6A16A003B9541 /* Assets.xcassets */ = {isa = PBXFileReference; lastKnownFileType = folder.assetcatalog; path = Assets.xcassets; sourceTree = "<group>"; };
		8B7681D02BC6A16A003B9541 /* Preview Assets.xcassets */ = {isa = PBXFileReference; lastKnownFileType = folder.assetcatalog; path = "Preview Assets.xcassets"; sourceTree = "<group>"; };
		8B7681D72BC6A430003B9541 /* GameView.swift */ = {isa = PBXFileReference; lastKnownFileType = sourcecode.swift; path = GameView.swift; sourceTree = "<group>"; };
		8B7681D92BC6A44C003B9541 /* GameScene.swift */ = {isa = PBXFileReference; lastKnownFileType = sourcecode.swift; path = GameScene.swift; sourceTree = "<group>"; };
		8B7681DB2BC6A456003B9541 /* GameManager.swift */ = {isa = PBXFileReference; lastKnownFileType = sourcecode.swift; path = GameManager.swift; sourceTree = "<group>"; };
		8B7681DD2BC6ADA9003B9541 /* FunctionForResize.swift */ = {isa = PBXFileReference; lastKnownFileType = sourcecode.swift; path = FunctionForResize.swift; sourceTree = "<group>"; };
		8B7681DF2BC6BC98003B9541 /* BackgroundView.swift */ = {isa = PBXFileReference; lastKnownFileType = sourcecode.swift; path = BackgroundView.swift; sourceTree = "<group>"; };
/* End PBXFileReference section */

/* Begin PBXFrameworksBuildPhase section */
		8B7681C32BC6A167003B9541 /* Frameworks */ = {
			isa = PBXFrameworksBuildPhase;
			buildActionMask = 2147483647;
			files = (
			);
			runOnlyForDeploymentPostprocessing = 0;
		};
/* End PBXFrameworksBuildPhase section */

/* Begin PBXGroup section */
		8B7681BD2BC6A167003B9541 = {
			isa = PBXGroup;
			children = (
				8B7681C82BC6A167003B9541 /* 1Catch */,
				8B7681C72BC6A167003B9541 /* Products */,
			);
			sourceTree = "<group>";
		};
		8B7681C72BC6A167003B9541 /* Products */ = {
			isa = PBXGroup;
			children = (
				8B7681C62BC6A167003B9541 /* 1Catch.app */,
			);
			name = Products;
			sourceTree = "<group>";
		};
		8B7681C82BC6A167003B9541 /* 1Catch */ = {
			isa = PBXGroup;
			children = (
				8B2F51DE2BC804230068E01C /* -Catch-Info.plist */,
				8B7681C92BC6A167003B9541 /* _CatchApp.swift */,
				8B7681CB2BC6A167003B9541 /* ContentView.swift */,
				8B7681D72BC6A430003B9541 /* GameView.swift */,
				8B7681D92BC6A44C003B9541 /* GameScene.swift */,
				8B7681DB2BC6A456003B9541 /* GameManager.swift */,
				8B7681DF2BC6BC98003B9541 /* BackgroundView.swift */,
				8B7681DD2BC6ADA9003B9541 /* FunctionForResize.swift */,
				8B2F51D22BC7297C0068E01C /* StartView.swift */,
				8B2F51D42BC7EFF50068E01C /* ScoresView.swift */,
				8B7681CD2BC6A16A003B9541 /* Assets.xcassets */,
				8B7681CF2BC6A16A003B9541 /* Preview Content */,
			);
			path = 1Catch;
			sourceTree = "<group>";
		};
		8B7681CF2BC6A16A003B9541 /* Preview Content */ = {
			isa = PBXGroup;
			children = (
				8B2F51D62BC803F20068E01C /* Inter-Bold.ttf */,
				8B2F51D82BC803F30068E01C /* Inter-ExtraBold.ttf */,
				8B2F51D72BC803F30068E01C /* Inter-Medium.ttf */,
				8B2F51D92BC803F30068E01C /* Inter-Regular.ttf */,
				8B7681D02BC6A16A003B9541 /* Preview Assets.xcassets */,
			);
			path = "Preview Content";
			sourceTree = "<group>";
		};
/* End PBXGroup section */

/* Begin PBXNativeTarget section */
		8B7681C52BC6A167003B9541 /* 1Catch */ = {
			isa = PBXNativeTarget;
			buildConfigurationList = 8B7681D42BC6A16A003B9541 /* Build configuration list for PBXNativeTarget "1Catch" */;
			buildPhases = (
				8B7681C22BC6A167003B9541 /* Sources */,
				8B7681C32BC6A167003B9541 /* Frameworks */,
				8B7681C42BC6A167003B9541 /* Resources */,
			);
			buildRules = (
			);
			dependencies = (
			);
			name = 1Catch;
			productName = 1Catch;
			productReference = 8B7681C62BC6A167003B9541 /* 1Catch.app */;
			productType = "com.apple.product-type.application";
		};
/* End PBXNativeTarget section */

/* Begin PBXProject section */
		8B7681BE2BC6A167003B9541 /* Project object */ = {
			isa = PBXProject;
			attributes = {
				BuildIndependentTargetsInParallel = 1;
				LastSwiftUpdateCheck = 1530;
				LastUpgradeCheck = 1530;
				TargetAttributes = {
					8B7681C52BC6A167003B9541 = {
						CreatedOnToolsVersion = 15.3;
					};
				};
			};
			buildConfigurationList = 8B7681C12BC6A167003B9541 /* Build configuration list for PBXProject "1Catch" */;
			compatibilityVersion = "Xcode 14.0";
			developmentRegion = en;
			hasScannedForEncodings = 0;
			knownRegions = (
				en,
				Base,
			);
			mainGroup = 8B7681BD2BC6A167003B9541;
			productRefGroup = 8B7681C72BC6A167003B9541 /* Products */;
			projectDirPath = "";
			projectRoot = "";
			targets = (
				8B7681C52BC6A167003B9541 /* 1Catch */,
			);
		};
/* End PBXProject section */

/* Begin PBXResourcesBuildPhase section */
		8B7681C42BC6A167003B9541 /* Resources */ = {
			isa = PBXResourcesBuildPhase;
			buildActionMask = 2147483647;
			files = (
				8B2F51DC2BC803F30068E01C /* Inter-ExtraBold.ttf in Resources */,
				8B2F51DB2BC803F30068E01C /* Inter-Medium.ttf in Resources */,
				8B2F51DA2BC803F30068E01C /* Inter-Bold.ttf in Resources */,
				8B7681D12BC6A16A003B9541 /* Preview Assets.xcassets in Resources */,
				8B2F51DD2BC803F30068E01C /* Inter-Regular.ttf in Resources */,
				8B7681CE2BC6A16A003B9541 /* Assets.xcassets in Resources */,
			);
			runOnlyForDeploymentPostprocessing = 0;
		};
/* End PBXResourcesBuildPhase section */

/* Begin PBXSourcesBuildPhase section */
		8B7681C22BC6A167003B9541 /* Sources */ = {
			isa = PBXSourcesBuildPhase;
			buildActionMask = 2147483647;
			files = (
				8B7681CC2BC6A167003B9541 /* ContentView.swift in Sources */,
				8B7681DE2BC6ADA9003B9541 /* FunctionForResize.swift in Sources */,
				8B7681D82BC6A430003B9541 /* GameView.swift in Sources */,
				8B2F51D32BC7297C0068E01C /* StartView.swift in Sources */,
				8B2F51D52BC7EFF50068E01C /* ScoresView.swift in Sources */,
				8B7681E02BC6BC98003B9541 /* BackgroundView.swift in Sources */,
				8B7681DA2BC6A44C003B9541 /* GameScene.swift in Sources */,
				8B7681CA2BC6A167003B9541 /* _CatchApp.swift in Sources */,
				8B7681DC2BC6A456003B9541 /* GameManager.swift in Sources */,
			);
			runOnlyForDeploymentPostprocessing = 0;
		};
/* End PBXSourcesBuildPhase section */

/* Begin XCBuildConfiguration section */
		8B7681D22BC6A16A003B9541 /* Debug */ = {
			isa = XCBuildConfiguration;
			buildSettings = {
				ALWAYS_SEARCH_USER_PATHS = NO;
				ASSETCATALOG_COMPILER_GENERATE_SWIFT_ASSET_SYMBOL_EXTENSIONS = YES;
				CLANG_ANALYZER_NONNULL = YES;
				CLANG_ANALYZER_NUMBER_OBJECT_CONVERSION = YES_AGGRESSIVE;
				CLANG_CXX_LANGUAGE_STANDARD = "gnu++20";
				CLANG_ENABLE_MODULES = YES;
				CLANG_ENABLE_OBJC_ARC = YES;
				CLANG_ENABLE_OBJC_WEAK = YES;
				CLANG_WARN_BLOCK_CAPTURE_AUTORELEASING = YES;
				CLANG_WARN_BOOL_CONVERSION = YES;
				CLANG_WARN_COMMA = YES;
				CLANG_WARN_CONSTANT_CONVERSION = YES;
				CLANG_WARN_DEPRECATED_OBJC_IMPLEMENTATIONS = YES;
				CLANG_WARN_DIRECT_OBJC_ISA_USAGE = YES_ERROR;
				CLANG_WARN_DOCUMENTATION_COMMENTS = YES;
				CLANG_WARN_EMPTY_BODY = YES;
				CLANG_WARN_ENUM_CONVERSION = YES;
				CLANG_WARN_INFINITE_RECURSION = YES;
				CLANG_WARN_INT_CONVERSION = YES;
				CLANG_WARN_NON_LITERAL_NULL_CONVERSION = YES;
				CLANG_WARN_OBJC_IMPLICIT_RETAIN_SELF = YES;
				CLANG_WARN_OBJC_LITERAL_CONVERSION = YES;
				CLANG_WARN_OBJC_ROOT_CLASS = YES_ERROR;
				CLANG_WARN_QUOTED_INCLUDE_IN_FRAMEWORK_HEADER = YES;
				CLANG_WARN_RANGE_LOOP_ANALYSIS = YES;
				CLANG_WARN_STRICT_PROTOTYPES = YES;
				CLANG_WARN_SUSPICIOUS_MOVE = YES;
				CLANG_WARN_UNGUARDED_AVAILABILITY = YES_AGGRESSIVE;
				CLANG_WARN_UNREACHABLE_CODE = YES;
				CLANG_WARN__DUPLICATE_METHOD_MATCH = YES;
				COPY_PHASE_STRIP = NO;
				DEBUG_INFORMATION_FORMAT = dwarf;
				ENABLE_STRICT_OBJC_MSGSEND = YES;
				ENABLE_TESTABILITY = YES;
				ENABLE_USER_SCRIPT_SANDBOXING = YES;
				GCC_C_LANGUAGE_STANDARD = gnu17;
				GCC_DYNAMIC_NO_PIC = NO;
				GCC_NO_COMMON_BLOCKS = YES;
				GCC_OPTIMIZATION_LEVEL = 0;
				GCC_PREPROCESSOR_DEFINITIONS = (
					"DEBUG=1",
					"$(inherited)",
				);
				GCC_WARN_64_TO_32_BIT_CONVERSION = YES;
				GCC_WARN_ABOUT_RETURN_TYPE = YES_ERROR;
				GCC_WARN_UNDECLARED_SELECTOR = YES;
				GCC_WARN_UNINITIALIZED_AUTOS = YES_AGGRESSIVE;
				GCC_WARN_UNUSED_FUNCTION = YES;
				GCC_WARN_UNUSED_VARIABLE = YES;
				IPHONEOS_DEPLOYMENT_TARGET = 15.0;
				LOCALIZATION_PREFERS_STRING_CATALOGS = YES;
				MTL_ENABLE_DEBUG_INFO = INCLUDE_SOURCE;
				MTL_FAST_MATH = YES;
				ONLY_ACTIVE_ARCH = YES;
				SDKROOT = iphoneos;
				SWIFT_ACTIVE_COMPILATION_CONDITIONS = "DEBUG $(inherited)";
				SWIFT_OPTIMIZATION_LEVEL = "-Onone";
			};
			name = Debug;
		};
		8B7681D32BC6A16A003B9541 /* Release */ = {
			isa = XCBuildConfiguration;
			buildSettings = {
				ALWAYS_SEARCH_USER_PATHS = NO;
				ASSETCATALOG_COMPILER_GENERATE_SWIFT_ASSET_SYMBOL_EXTENSIONS = YES;
				CLANG_ANALYZER_NONNULL = YES;
				CLANG_ANALYZER_NUMBER_OBJECT_CONVERSION = YES_AGGRESSIVE;
				CLANG_CXX_LANGUAGE_STANDARD = "gnu++20";
				CLANG_ENABLE_MODULES = YES;
				CLANG_ENABLE_OBJC_ARC = YES;
				CLANG_ENABLE_OBJC_WEAK = YES;
				CLANG_WARN_BLOCK_CAPTURE_AUTORELEASING = YES;
				CLANG_WARN_BOOL_CONVERSION = YES;
				CLANG_WARN_COMMA = YES;
				CLANG_WARN_CONSTANT_CONVERSION = YES;
				CLANG_WARN_DEPRECATED_OBJC_IMPLEMENTATIONS = YES;
				CLANG_WARN_DIRECT_OBJC_ISA_USAGE = YES_ERROR;
				CLANG_WARN_DOCUMENTATION_COMMENTS = YES;
				CLANG_WARN_EMPTY_BODY = YES;
				CLANG_WARN_ENUM_CONVERSION = YES;
				CLANG_WARN_INFINITE_RECURSION = YES;
				CLANG_WARN_INT_CONVERSION = YES;
				CLANG_WARN_NON_LITERAL_NULL_CONVERSION = YES;
				CLANG_WARN_OBJC_IMPLICIT_RETAIN_SELF = YES;
				CLANG_WARN_OBJC_LITERAL_CONVERSION = YES;
				CLANG_WARN_OBJC_ROOT_CLASS = YES_ERROR;
				CLANG_WARN_QUOTED_INCLUDE_IN_FRAMEWORK_HEADER = YES;
				CLANG_WARN_RANGE_LOOP_ANALYSIS = YES;
				CLANG_WARN_STRICT_PROTOTYPES = YES;
				CLANG_WARN_SUSPICIOUS_MOVE = YES;
				CLANG_WARN_UNGUARDED_AVAILABILITY = YES_AGGRESSIVE;
				CLANG_WARN_UNREACHABLE_CODE = YES;
				CLANG_WARN__DUPLICATE_METHOD_MATCH = YES;
				COPY_PHASE_STRIP = NO;
				DEBUG_INFORMATION_FORMAT = "dwarf-with-dsym";
				ENABLE_NS_ASSERTIONS = NO;
				ENABLE_STRICT_OBJC_MSGSEND = YES;
				ENABLE_USER_SCRIPT_SANDBOXING = YES;
				GCC_C_LANGUAGE_STANDARD = gnu17;
				GCC_NO_COMMON_BLOCKS = YES;
				GCC_WARN_64_TO_32_BIT_CONVERSION = YES;
				GCC_WARN_ABOUT_RETURN_TYPE = YES_ERROR;
				GCC_WARN_UNDECLARED_SELECTOR = YES;
				GCC_WARN_UNINITIALIZED_AUTOS = YES_AGGRESSIVE;
				GCC_WARN_UNUSED_FUNCTION = YES;
				GCC_WARN_UNUSED_VARIABLE = YES;
				IPHONEOS_DEPLOYMENT_TARGET = 15.0;
				LOCALIZATION_PREFERS_STRING_CATALOGS = YES;
				MTL_ENABLE_DEBUG_INFO = NO;
				MTL_FAST_MATH = YES;
				SDKROOT = iphoneos;
				SWIFT_COMPILATION_MODE = wholemodule;
				VALIDATE_PRODUCT = YES;
			};
			name = Release;
		};
		8B7681D52BC6A16A003B9541 /* Debug */ = {
			isa = XCBuildConfiguration;
			buildSettings = {
				ASSETCATALOG_COMPILER_APPICON_NAME = AppIcon;
				ASSETCATALOG_COMPILER_GLOBAL_ACCENT_COLOR_NAME = AccentColor;
				CODE_SIGN_STYLE = Automatic;
				CURRENT_PROJECT_VERSION = 1;
				DEVELOPMENT_ASSET_PATHS = "\"1Catch/Preview Content\"";
				DEVELOPMENT_TEAM = 9NYCJV4J3K;
				ENABLE_PREVIEWS = YES;
				GENERATE_INFOPLIST_FILE = YES;
				INFOPLIST_FILE = "-Catch-Info.plist";
				INFOPLIST_KEY_UIApplicationSceneManifest_Generation = YES;
				INFOPLIST_KEY_UIApplicationSupportsIndirectInputEvents = YES;
				INFOPLIST_KEY_UILaunchScreen_Generation = YES;
				INFOPLIST_KEY_UISupportedInterfaceOrientations_iPad = "UIInterfaceOrientationPortrait UIInterfaceOrientationPortraitUpsideDown UIInterfaceOrientationLandscapeLeft UIInterfaceOrientationLandscapeRight";
				INFOPLIST_KEY_UISupportedInterfaceOrientations_iPhone = "UIInterfaceOrientationPortrait UIInterfaceOrientationLandscapeLeft UIInterfaceOrientationLandscapeRight";
				IPHONEOS_DEPLOYMENT_TARGET = 15.0;
				LD_RUNPATH_SEARCH_PATHS = (
					"$(inherited)",
					"@executable_path/Frameworks",
				);
				MARKETING_VERSION = 1.0;
				PRODUCT_BUNDLE_IDENTIFIER = "Oleg-Yakushin.-Catch";
				PRODUCT_NAME = "$(TARGET_NAME)";
				SWIFT_EMIT_LOC_STRINGS = YES;
				SWIFT_VERSION = 5.0;
				TARGETED_DEVICE_FAMILY = "1,2";
			};
			name = Debug;
		};
		8B7681D62BC6A16A003B9541 /* Release */ = {
			isa = XCBuildConfiguration;
			buildSettings = {
				ASSETCATALOG_COMPILER_APPICON_NAME = AppIcon;
				ASSETCATALOG_COMPILER_GLOBAL_ACCENT_COLOR_NAME = AccentColor;
				CODE_SIGN_STYLE = Automatic;
				CURRENT_PROJECT_VERSION = 1;
				DEVELOPMENT_ASSET_PATHS = "\"1Catch/Preview Content\"";
				DEVELOPMENT_TEAM = 9NYCJV4J3K;
				ENABLE_PREVIEWS = YES;
				GENERATE_INFOPLIST_FILE = YES;
				INFOPLIST_FILE = "-Catch-Info.plist";
				INFOPLIST_KEY_UIApplicationSceneManifest_Generation = YES;
				INFOPLIST_KEY_UIApplicationSupportsIndirectInputEvents = YES;
				INFOPLIST_KEY_UILaunchScreen_Generation = YES;
				INFOPLIST_KEY_UISupportedInterfaceOrientations_iPad = "UIInterfaceOrientationPortrait UIInterfaceOrientationPortraitUpsideDown UIInterfaceOrientationLandscapeLeft UIInterfaceOrientationLandscapeRight";
				INFOPLIST_KEY_UISupportedInterfaceOrientations_iPhone = "UIInterfaceOrientationPortrait UIInterfaceOrientationLandscapeLeft UIInterfaceOrientationLandscapeRight";
				IPHONEOS_DEPLOYMENT_TARGET = 15.0;
				LD_RUNPATH_SEARCH_PATHS = (
					"$(inherited)",
					"@executable_path/Frameworks",
				);
				MARKETING_VERSION = 1.0;
				PRODUCT_BUNDLE_IDENTIFIER = "Oleg-Yakushin.-Catch";
				PRODUCT_NAME = "$(TARGET_NAME)";
				SWIFT_EMIT_LOC_STRINGS = YES;
				SWIFT_VERSION = 5.0;
				TARGETED_DEVICE_FAMILY = "1,2";
			};
			name = Release;
		};
/* End XCBuildConfiguration section */

/* Begin XCConfigurationList section */
		8B7681C12BC6A167003B9541 /* Build configuration list for PBXProject "1Catch" */ = {
			isa = XCConfigurationList;
			buildConfigurations = (
				8B7681D22BC6A16A003B9541 /* Debug */,
				8B7681D32BC6A16A003B9541 /* Release */,
			);
			defaultConfigurationIsVisible = 0;
			defaultConfigurationName = Release;
		};
		8B7681D42BC6A16A003B9541 /* Build configuration list for PBXNativeTarget "1Catch" */ = {
			isa = XCConfigurationList;
			buildConfigurations = (
				8B7681D52BC6A16A003B9541 /* Debug */,
				8B7681D62BC6A16A003B9541 /* Release */,
			);
			defaultConfigurationIsVisible = 0;
			defaultConfigurationName = Release;
		};
/* End XCConfigurationList section */
	};
	rootObject = 8B7681BE2BC6A167003B9541 /* Project object */;
}
